
Microsoft Visual Studio Solution File, Format Version 12.00
# Visual Studio 15
VisualStudioVersion = 15.0.27428.2037
MinimumVisualStudioVersion = 10.0.40219.1
Project("{FAE04EC0-301F-11D3-BF4B-00C04F79EFBC}") = "Snake", "Snake\Snake.csproj", "{9F39CC42-D16E-495A-BCC3-C9E3058E2FAF}"
EndProject
Global
	GlobalSection(SolutionConfigurationPlatforms) = preSolution
		Debug|Any CPU = Debug|Any CPU
		Release|Any CPU = Release|Any CPU
	EndGlobalSection
	GlobalSection(ProjectConfigurationPlatforms) = postSolution
		{9F39CC42-D16E-495A-BCC3-C9E3058E2FAF}.Debug|Any CPU.ActiveCfg = Debug|Any CPU
		{9F39CC42-D16E-495A-BCC3-C9E3058E2FAF}.Debug|Any CPU.Build.0 = Debug|Any CPU
		{9F39CC42-D16E-495A-BCC3-C9E3058E2FAF}.Release|Any CPU.ActiveCfg = Release|Any CPU
		{9F39CC42-D16E-495A-BCC3-C9E3058E2FAF}.Release|Any CPU.Build.0 = Release|Any CPU
	EndGlobalSection
	GlobalSection(SolutionProperties) = preSolution
		HideSolutionNode = FALSE
	EndGlobalSection
	GlobalSection(ExtensibilityGlobals) = postSolution
		SolutionGuid = {5D4D2F69-D1F0-4A35-BCFE-03A05FD58E88}
	EndGlobalSection
EndGlobal
